
Microsoft Visual Studio Solution File, Format Version 12.00
# Visual Studio Version 16
VisualStudioVersion = 16.0.29613.14
MinimumVisualStudioVersion = 10.0.40219.1
Project("{FAE04EC0-301F-11D3-BF4B-00C04F79EFBC}") = "TestForWindowsChrome2", "TestForWindowsChrome2\TestForWindowsChrome2.csproj", "{47EE6729-A8DD-4683-86AB-54CDC5E22982}"
EndProject
Global
	GlobalSection(SolutionConfigurationPlatforms) = preSolution
		Debug|Any CPU = Debug|Any CPU
		Release|Any CPU = Release|Any CPU
	EndGlobalSection
	GlobalSection(ProjectConfigurationPlatforms) = postSolution
		{47EE6729-A8DD-4683-86AB-54CDC5E22982}.Debug|Any CPU.ActiveCfg = Debug|Any CPU
		{47EE6729-A8DD-4683-86AB-54CDC5E22982}.Debug|Any CPU.Build.0 = Debug|Any CPU
		{47EE6729-A8DD-4683-86AB-54CDC5E22982}.Release|Any CPU.ActiveCfg = Release|Any CPU
		{47EE6729-A8DD-4683-86AB-54CDC5E22982}.Release|Any CPU.Build.0 = Release|Any CPU
	EndGlobalSection
	GlobalSection(SolutionProperties) = preSolution
		HideSolutionNode = FALSE
	EndGlobalSection
	GlobalSection(ExtensibilityGlobals) = postSolution
		SolutionGuid = {FC285241-A137-449F-8E38-27C82F5A9638}
	EndGlobalSection
EndGlobal
